// !$*UTF8*$!
{
	archiveVersion = 1;
	classes = {
	};
	objectVersion = 50;
	objects = {

/* Begin PBXBuildFile section */
		587FDCB026455AB80037E606 /* AppDelegate.swift in Sources */ = {isa = PBXBuildFile; fileRef = 587FDCAF26455AB80037E606 /* AppDelegate.swift */; };
		587FDCB226455AB80037E606 /* SceneDelegate.swift in Sources */ = {isa = PBXBuildFile; fileRef = 587FDCB126455AB80037E606 /* SceneDelegate.swift */; };
		587FDCB426455AB80037E606 /* ViewController.swift in Sources */ = {isa = PBXBuildFile; fileRef = 587FDCB326455AB80037E606 /* ViewController.swift */; };
		587FDCB726455AB80037E606 /* Main.storyboard in Resources */ = {isa = PBXBuildFile; fileRef = 587FDCB526455AB80037E606 /* Main.storyboard */; };
		587FDCB926455AB80037E606 /* Assets.xcassets in Resources */ = {isa = PBXBuildFile; fileRef = 587FDCB826455AB80037E606 /* Assets.xcassets */; };
		587FDCBC26455AB80037E606 /* LaunchScreen.storyboard in Resources */ = {isa = PBXBuildFile; fileRef = 587FDCBA26455AB80037E606 /* LaunchScreen.storyboard */; };
		587FDCC726455AB80037E606 /* ToDoTests.swift in Sources */ = {isa = PBXBuildFile; fileRef = 587FDCC626455AB80037E606 /* ToDoTests.swift */; };
		587FDCD226455AB90037E606 /* ToDoUITests.swift in Sources */ = {isa = PBXBuildFile; fileRef = 587FDCD126455AB90037E606 /* ToDoUITests.swift */; };
		587FDCE126456EB50037E606 /* TodoItem.swift in Sources */ = {isa = PBXBuildFile; fileRef = 587FDCE026456EB50037E606 /* TodoItem.swift */; };
		587FDCE326457B1D0037E606 /* Location.swift in Sources */ = {isa = PBXBuildFile; fileRef = 587FDCE226457B1D0037E606 /* Location.swift */; };
		587FDCE526457EE90037E606 /* LocationTests.swift in Sources */ = {isa = PBXBuildFile; fileRef = 587FDCE426457EE90037E606 /* LocationTests.swift */; };
/* End PBXBuildFile section */

/* Begin PBXContainerItemProxy section */
		587FDCC326455AB80037E606 /* PBXContainerItemProxy */ = {
			isa = PBXContainerItemProxy;
			containerPortal = 587FDCA426455AB70037E606 /* Project object */;
			proxyType = 1;
			remoteGlobalIDString = 587FDCAB26455AB80037E606;
			remoteInfo = ToDo;
		};
		587FDCCE26455AB90037E606 /* PBXContainerItemProxy */ = {
			isa = PBXContainerItemProxy;
			containerPortal = 587FDCA426455AB70037E606 /* Project object */;
			proxyType = 1;
			remoteGlobalIDString = 587FDCAB26455AB80037E606;
			remoteInfo = ToDo;
		};
/* End PBXContainerItemProxy section */

/* Begin PBXFileReference section */
		587FDCAC26455AB80037E606 /* ToDo.app */ = {isa = PBXFileReference; explicitFileType = wrapper.application; includeInIndex = 0; path = ToDo.app; sourceTree = BUILT_PRODUCTS_DIR; };
		587FDCAF26455AB80037E606 /* AppDelegate.swift */ = {isa = PBXFileReference; lastKnownFileType = sourcecode.swift; path = AppDelegate.swift; sourceTree = "<group>"; };
		587FDCB126455AB80037E606 /* SceneDelegate.swift */ = {isa = PBXFileReference; lastKnownFileType = sourcecode.swift; path = SceneDelegate.swift; sourceTree = "<group>"; };
		587FDCB326455AB80037E606 /* ViewController.swift */ = {isa = PBXFileReference; lastKnownFileType = sourcecode.swift; path = ViewController.swift; sourceTree = "<group>"; };
		587FDCB626455AB80037E606 /* Base */ = {isa = PBXFileReference; lastKnownFileType = file.storyboard; name = Base; path = Base.lproj/Main.storyboard; sourceTree = "<group>"; };
		587FDCB826455AB80037E606 /* Assets.xcassets */ = {isa = PBXFileReference; lastKnownFileType = folder.assetcatalog; path = Assets.xcassets; sourceTree = "<group>"; };
		587FDCBB26455AB80037E606 /* Base */ = {isa = PBXFileReference; lastKnownFileType = file.storyboard; name = Base; path = Base.lproj/LaunchScreen.storyboard; sourceTree = "<group>"; };
		587FDCBD26455AB80037E606 /* Info.plist */ = {isa = PBXFileReference; lastKnownFileType = text.plist.xml; path = Info.plist; sourceTree = "<group>"; };
		587FDCC226455AB80037E606 /* ToDoTests.xctest */ = {isa = PBXFileReference; explicitFileType = wrapper.cfbundle; includeInIndex = 0; path = ToDoTests.xctest; sourceTree = BUILT_PRODUCTS_DIR; };
		587FDCC626455AB80037E606 /* ToDoTests.swift */ = {isa = PBXFileReference; lastKnownFileType = sourcecode.swift; path = ToDoTests.swift; sourceTree = "<group>"; };
		587FDCC826455AB90037E606 /* Info.plist */ = {isa = PBXFileReference; lastKnownFileType = text.plist.xml; path = Info.plist; sourceTree = "<group>"; };
		587FDCCD26455AB90037E606 /* ToDoUITests.xctest */ = {isa = PBXFileReference; explicitFileType = wrapper.cfbundle; includeInIndex = 0; path = ToDoUITests.xctest; sourceTree = BUILT_PRODUCTS_DIR; };
		587FDCD126455AB90037E606 /* ToDoUITests.swift */ = {isa = PBXFileReference; lastKnownFileType = sourcecode.swift; path = ToDoUITests.swift; sourceTree = "<group>"; };
		587FDCD326455AB90037E606 /* Info.plist */ = {isa = PBXFileReference; lastKnownFileType = text.plist.xml; path = Info.plist; sourceTree = "<group>"; };
		587FDCE026456EB50037E606 /* TodoItem.swift */ = {isa = PBXFileReference; lastKnownFileType = sourcecode.swift; path = TodoItem.swift; sourceTree = "<group>"; };
		587FDCE226457B1D0037E606 /* Location.swift */ = {isa = PBXFileReference; lastKnownFileType = sourcecode.swift; path = Location.swift; sourceTree = "<group>"; };
		587FDCE426457EE90037E606 /* LocationTests.swift */ = {isa = PBXFileReference; lastKnownFileType = sourcecode.swift; path = LocationTests.swift; sourceTree = "<group>"; };
/* End PBXFileReference section */

/* Begin PBXFrameworksBuildPhase section */
		587FDCA926455AB80037E606 /* Frameworks */ = {
			isa = PBXFrameworksBuildPhase;
			buildActionMask = 2147483647;
			files = (
			);
			runOnlyForDeploymentPostprocessing = 0;
		};
		587FDCBF26455AB80037E606 /* Frameworks */ = {
			isa = PBXFrameworksBuildPhase;
			buildActionMask = 2147483647;
			files = (
			);
			runOnlyForDeploymentPostprocessing = 0;
		};
		587FDCCA26455AB90037E606 /* Frameworks */ = {
			isa = PBXFrameworksBuildPhase;
			buildActionMask = 2147483647;
			files = (
			);
			runOnlyForDeploymentPostprocessing = 0;
		};
/* End PBXFrameworksBuildPhase section */

/* Begin PBXGroup section */
		587FDCA326455AB70037E606 = {
			isa = PBXGroup;
			children = (
				587FDCAE26455AB80037E606 /* ToDo */,
				587FDCC526455AB80037E606 /* ToDoTests */,
				587FDCD026455AB90037E606 /* ToDoUITests */,
				587FDCAD26455AB80037E606 /* Products */,
			);
			sourceTree = "<group>";
		};
		587FDCAD26455AB80037E606 /* Products */ = {
			isa = PBXGroup;
			children = (
				587FDCAC26455AB80037E606 /* ToDo.app */,
				587FDCC226455AB80037E606 /* ToDoTests.xctest */,
				587FDCCD26455AB90037E606 /* ToDoUITests.xctest */,
			);
			name = Products;
			sourceTree = "<group>";
		};
		587FDCAE26455AB80037E606 /* ToDo */ = {
			isa = PBXGroup;
			children = (
				587FDCDF26456EA00037E606 /* models */,
				587FDCAF26455AB80037E606 /* AppDelegate.swift */,
				587FDCB126455AB80037E606 /* SceneDelegate.swift */,
				587FDCB326455AB80037E606 /* ViewController.swift */,
				587FDCB526455AB80037E606 /* Main.storyboard */,
				587FDCB826455AB80037E606 /* Assets.xcassets */,
				587FDCBA26455AB80037E606 /* LaunchScreen.storyboard */,
				587FDCBD26455AB80037E606 /* Info.plist */,
			);
			path = ToDo;
			sourceTree = "<group>";
		};
		587FDCC526455AB80037E606 /* ToDoTests */ = {
			isa = PBXGroup;
			children = (
				587FDCC626455AB80037E606 /* ToDoTests.swift */,
				587FDCC826455AB90037E606 /* Info.plist */,
				587FDCE426457EE90037E606 /* LocationTests.swift */,
			);
			path = ToDoTests;
			sourceTree = "<group>";
		};
		587FDCD026455AB90037E606 /* ToDoUITests */ = {
			isa = PBXGroup;
			children = (
				587FDCD126455AB90037E606 /* ToDoUITests.swift */,
				587FDCD326455AB90037E606 /* Info.plist */,
			);
			path = ToDoUITests;
			sourceTree = "<group>";
		};
		587FDCDF26456EA00037E606 /* models */ = {
			isa = PBXGroup;
			children = (
				587FDCE026456EB50037E606 /* TodoItem.swift */,
				587FDCE226457B1D0037E606 /* Location.swift */,
			);
			path = models;
			sourceTree = "<group>";
		};
/* End PBXGroup section */

/* Begin PBXNativeTarget section */
		587FDCAB26455AB80037E606 /* ToDo */ = {
			isa = PBXNativeTarget;
			buildConfigurationList = 587FDCD626455AB90037E606 /* Build configuration list for PBXNativeTarget "ToDo" */;
			buildPhases = (
				587FDCA826455AB80037E606 /* Sources */,
				587FDCA926455AB80037E606 /* Frameworks */,
				587FDCAA26455AB80037E606 /* Resources */,
			);
			buildRules = (
			);
			dependencies = (
			);
			name = ToDo;
			productName = ToDo;
			productReference = 587FDCAC26455AB80037E606 /* ToDo.app */;
			productType = "com.apple.product-type.application";
		};
		587FDCC126455AB80037E606 /* ToDoTests */ = {
			isa = PBXNativeTarget;
			buildConfigurationList = 587FDCD926455AB90037E606 /* Build configuration list for PBXNativeTarget "ToDoTests" */;
			buildPhases = (
				587FDCBE26455AB80037E606 /* Sources */,
				587FDCBF26455AB80037E606 /* Frameworks */,
				587FDCC026455AB80037E606 /* Resources */,
			);
			buildRules = (
			);
			dependencies = (
				587FDCC426455AB80037E606 /* PBXTargetDependency */,
			);
			name = ToDoTests;
			productName = ToDoTests;
			productReference = 587FDCC226455AB80037E606 /* ToDoTests.xctest */;
			productType = "com.apple.product-type.bundle.unit-test";
		};
		587FDCCC26455AB90037E606 /* ToDoUITests */ = {
			isa = PBXNativeTarget;
			buildConfigurationList = 587FDCDC26455AB90037E606 /* Build configuration list for PBXNativeTarget "ToDoUITests" */;
			buildPhases = (
				587FDCC926455AB90037E606 /* Sources */,
				587FDCCA26455AB90037E606 /* Frameworks */,
				587FDCCB26455AB90037E606 /* Resources */,
			);
			buildRules = (
			);
			dependencies = (
				587FDCCF26455AB90037E606 /* PBXTargetDependency */,
			);
			name = ToDoUITests;
			productName = ToDoUITests;
			productReference = 587FDCCD26455AB90037E606 /* ToDoUITests.xctest */;
			productType = "com.apple.product-type.bundle.ui-testing";
		};
/* End PBXNativeTarget section */

/* Begin PBXProject section */
		587FDCA426455AB70037E606 /* Project object */ = {
			isa = PBXProject;
			attributes = {
				LastSwiftUpdateCheck = 1250;
				LastUpgradeCheck = 1250;
				TargetAttributes = {
					587FDCAB26455AB80037E606 = {
						CreatedOnToolsVersion = 12.5;
					};
					587FDCC126455AB80037E606 = {
						CreatedOnToolsVersion = 12.5;
						TestTargetID = 587FDCAB26455AB80037E606;
					};
					587FDCCC26455AB90037E606 = {
						CreatedOnToolsVersion = 12.5;
						TestTargetID = 587FDCAB26455AB80037E606;
					};
				};
			};
			buildConfigurationList = 587FDCA726455AB70037E606 /* Build configuration list for PBXProject "ToDo" */;
			compatibilityVersion = "Xcode 9.3";
			developmentRegion = en;
			hasScannedForEncodings = 0;
			knownRegions = (
				en,
				Base,
			);
			mainGroup = 587FDCA326455AB70037E606;
			productRefGroup = 587FDCAD26455AB80037E606 /* Products */;
			projectDirPath = "";
			projectRoot = "";
			targets = (
				587FDCAB26455AB80037E606 /* ToDo */,
				587FDCC126455AB80037E606 /* ToDoTests */,
				587FDCCC26455AB90037E606 /* ToDoUITests */,
			);
		};
/* End PBXProject section */

/* Begin PBXResourcesBuildPhase section */
		587FDCAA26455AB80037E606 /* Resources */ = {
			isa = PBXResourcesBuildPhase;
			buildActionMask = 2147483647;
			files = (
				587FDCBC26455AB80037E606 /* LaunchScreen.storyboard in Resources */,
				587FDCB926455AB80037E606 /* Assets.xcassets in Resources */,
				587FDCB726455AB80037E606 /* Main.storyboard in Resources */,
			);
			runOnlyForDeploymentPostprocessing = 0;
		};
		587FDCC026455AB80037E606 /* Resources */ = {
			isa = PBXResourcesBuildPhase;
			buildActionMask = 2147483647;
			files = (
			);
			runOnlyForDeploymentPostprocessing = 0;
		};
		587FDCCB26455AB90037E606 /* Resources */ = {
			isa = PBXResourcesBuildPhase;
			buildActionMask = 2147483647;
			files = (
			);
			runOnlyForDeploymentPostprocessing = 0;
		};
/* End PBXResourcesBuildPhase section */

/* Begin PBXSourcesBuildPhase section */
		587FDCA826455AB80037E606 /* Sources */ = {
			isa = PBXSourcesBuildPhase;
			buildActionMask = 2147483647;
			files = (
				587FDCB426455AB80037E606 /* ViewController.swift in Sources */,
				587FDCB026455AB80037E606 /* AppDelegate.swift in Sources */,
				587FDCE326457B1D0037E606 /* Location.swift in Sources */,
				587FDCE126456EB50037E606 /* TodoItem.swift in Sources */,
				587FDCB226455AB80037E606 /* SceneDelegate.swift in Sources */,
			);
			runOnlyForDeploymentPostprocessing = 0;
		};
		587FDCBE26455AB80037E606 /* Sources */ = {
			isa = PBXSourcesBuildPhase;
			buildActionMask = 2147483647;
			files = (
				587FDCE526457EE90037E606 /* LocationTests.swift in Sources */,
				587FDCC726455AB80037E606 /* ToDoTests.swift in Sources */,
			);
			runOnlyForDeploymentPostprocessing = 0;
		};
		587FDCC926455AB90037E606 /* Sources */ = {
			isa = PBXSourcesBuildPhase;
			buildActionMask = 2147483647;
			files = (
				587FDCD226455AB90037E606 /* ToDoUITests.swift in Sources */,
			);
			runOnlyForDeploymentPostprocessing = 0;
		};
/* End PBXSourcesBuildPhase section */

/* Begin PBXTargetDependency section */
		587FDCC426455AB80037E606 /* PBXTargetDependency */ = {
			isa = PBXTargetDependency;
			target = 587FDCAB26455AB80037E606 /* ToDo */;
			targetProxy = 587FDCC326455AB80037E606 /* PBXContainerItemProxy */;
		};
		587FDCCF26455AB90037E606 /* PBXTargetDependency */ = {
			isa = PBXTargetDependency;
			target = 587FDCAB26455AB80037E606 /* ToDo */;
			targetProxy = 587FDCCE26455AB90037E606 /* PBXContainerItemProxy */;
		};
/* End PBXTargetDependency section */

/* Begin PBXVariantGroup section */
		587FDCB526455AB80037E606 /* Main.storyboard */ = {
			isa = PBXVariantGroup;
			children = (
				587FDCB626455AB80037E606 /* Base */,
			);
			name = Main.storyboard;
			sourceTree = "<group>";
		};
		587FDCBA26455AB80037E606 /* LaunchScreen.storyboard */ = {
			isa = PBXVariantGroup;
			children = (
				587FDCBB26455AB80037E606 /* Base */,
			);
			name = LaunchScreen.storyboard;
			sourceTree = "<group>";
		};
/* End PBXVariantGroup section */

/* Begin XCBuildConfiguration section */
		587FDCD426455AB90037E606 /* Debug */ = {
			isa = XCBuildConfiguration;
			buildSettings = {
				ALWAYS_SEARCH_USER_PATHS = NO;
				CLANG_ANALYZER_NONNULL = YES;
				CLANG_ANALYZER_NUMBER_OBJECT_CONVERSION = YES_AGGRESSIVE;
				CLANG_CXX_LANGUAGE_STANDARD = "gnu++14";
				CLANG_CXX_LIBRARY = "libc++";
				CLANG_ENABLE_MODULES = YES;
				CLANG_ENABLE_OBJC_ARC = YES;
				CLANG_ENABLE_OBJC_WEAK = YES;
				CLANG_WARN_BLOCK_CAPTURE_AUTORELEASING = YES;
				CLANG_WARN_BOOL_CONVERSION = YES;
				CLANG_WARN_COMMA = YES;
				CLANG_WARN_CONSTANT_CONVERSION = YES;
				CLANG_WARN_DEPRECATED_OBJC_IMPLEMENTATIONS = YES;
				CLANG_WARN_DIRECT_OBJC_ISA_USAGE = YES_ERROR;
				CLANG_WARN_DOCUMENTATION_COMMENTS = YES;
				CLANG_WARN_EMPTY_BODY = YES;
				CLANG_WARN_ENUM_CONVERSION = YES;
				CLANG_WARN_INFINITE_RECURSION = YES;
				CLANG_WARN_INT_CONVERSION = YES;
				CLANG_WARN_NON_LITERAL_NULL_CONVERSION = YES;
				CLANG_WARN_OBJC_IMPLICIT_RETAIN_SELF = YES;
				CLANG_WARN_OBJC_LITERAL_CONVERSION = YES;
				CLANG_WARN_OBJC_ROOT_CLASS = YES_ERROR;
				CLANG_WARN_QUOTED_INCLUDE_IN_FRAMEWORK_HEADER = YES;
				CLANG_WARN_RANGE_LOOP_ANALYSIS = YES;
				CLANG_WARN_STRICT_PROTOTYPES = YES;
				CLANG_WARN_SUSPICIOUS_MOVE = YES;
				CLANG_WARN_UNGUARDED_AVAILABILITY = YES_AGGRESSIVE;
				CLANG_WARN_UNREACHABLE_CODE = YES;
				CLANG_WARN__DUPLICATE_METHOD_MATCH = YES;
				COPY_PHASE_STRIP = NO;
				DEBUG_INFORMATION_FORMAT = dwarf;
				ENABLE_STRICT_OBJC_MSGSEND = YES;
				ENABLE_TESTABILITY = YES;
				GCC_C_LANGUAGE_STANDARD = gnu11;
				GCC_DYNAMIC_NO_PIC = NO;
				GCC_NO_COMMON_BLOCKS = YES;
				GCC_OPTIMIZATION_LEVEL = 0;
				GCC_PREPROCESSOR_DEFINITIONS = (
					"DEBUG=1",
					"$(inherited)",
				);
				GCC_WARN_64_TO_32_BIT_CONVERSION = YES;
				GCC_WARN_ABOUT_RETURN_TYPE = YES_ERROR;
				GCC_WARN_UNDECLARED_SELECTOR = YES;
				GCC_WARN_UNINITIALIZED_AUTOS = YES_AGGRESSIVE;
				GCC_WARN_UNUSED_FUNCTION = YES;
				GCC_WARN_UNUSED_VARIABLE = YES;
				IPHONEOS_DEPLOYMENT_TARGET = 14.5;
				MTL_ENABLE_DEBUG_INFO = INCLUDE_SOURCE;
				MTL_FAST_MATH = YES;
				ONLY_ACTIVE_ARCH = YES;
				SDKROOT = iphoneos;
				SWIFT_ACTIVE_COMPILATION_CONDITIONS = DEBUG;
				SWIFT_OPTIMIZATION_LEVEL = "-Onone";
			};
			name = Debug;
		};
		587FDCD526455AB90037E606 /* Release */ = {
			isa = XCBuildConfiguration;
			buildSettings = {
				ALWAYS_SEARCH_USER_PATHS = NO;
				CLANG_ANALYZER_NONNULL = YES;
				CLANG_ANALYZER_NUMBER_OBJECT_CONVERSION = YES_AGGRESSIVE;
				CLANG_CXX_LANGUAGE_STANDARD = "gnu++14";
				CLANG_CXX_LIBRARY = "libc++";
				CLANG_ENABLE_MODULES = YES;
				CLANG_ENABLE_OBJC_ARC = YES;
				CLANG_ENABLE_OBJC_WEAK = YES;
				CLANG_WARN_BLOCK_CAPTURE_AUTORELEASING = YES;
				CLANG_WARN_BOOL_CONVERSION = YES;
				CLANG_WARN_COMMA = YES;
				CLANG_WARN_CONSTANT_CONVERSION = YES;
				CLANG_WARN_DEPRECATED_OBJC_IMPLEMENTATIONS = YES;
				CLANG_WARN_DIRECT_OBJC_ISA_USAGE = YES_ERROR;
				CLANG_WARN_DOCUMENTATION_COMMENTS = YES;
				CLANG_WARN_EMPTY_BODY = YES;
				CLANG_WARN_ENUM_CONVERSION = YES;
				CLANG_WARN_INFINITE_RECURSION = YES;
				CLANG_WARN_INT_CONVERSION = YES;
				CLANG_WARN_NON_LITERAL_NULL_CONVERSION = YES;
				CLANG_WARN_OBJC_IMPLICIT_RETAIN_SELF = YES;
				CLANG_WARN_OBJC_LITERAL_CONVERSION = YES;
				CLANG_WARN_OBJC_ROOT_CLASS = YES_ERROR;
				CLANG_WARN_QUOTED_INCLUDE_IN_FRAMEWORK_HEADER = YES;
				CLANG_WARN_RANGE_LOOP_ANALYSIS = YES;
				CLANG_WARN_STRICT_PROTOTYPES = YES;
				CLANG_WARN_SUSPICIOUS_MOVE = YES;
				CLANG_WARN_UNGUARDED_AVAILABILITY = YES_AGGRESSIVE;
				CLANG_WARN_UNREACHABLE_CODE = YES;
				CLANG_WARN__DUPLICATE_METHOD_MATCH = YES;
				COPY_PHASE_STRIP = NO;
				DEBUG_INFORMATION_FORMAT = "dwarf-with-dsym";
				ENABLE_NS_ASSERTIONS = NO;
				ENABLE_STRICT_OBJC_MSGSEND = YES;
				GCC_C_LANGUAGE_STANDARD = gnu11;
				GCC_NO_COMMON_BLOCKS = YES;
				GCC_WARN_64_TO_32_BIT_CONVERSION = YES;
				GCC_WARN_ABOUT_RETURN_TYPE = YES_ERROR;
				GCC_WARN_UNDECLARED_SELECTOR = YES;
				GCC_WARN_UNINITIALIZED_AUTOS = YES_AGGRESSIVE;
				GCC_WARN_UNUSED_FUNCTION = YES;
				GCC_WARN_UNUSED_VARIABLE = YES;
				IPHONEOS_DEPLOYMENT_TARGET = 14.5;
				MTL_ENABLE_DEBUG_INFO = NO;
				MTL_FAST_MATH = YES;
				SDKROOT = iphoneos;
				SWIFT_COMPILATION_MODE = wholemodule;
				SWIFT_OPTIMIZATION_LEVEL = "-O";
				VALIDATE_PRODUCT = YES;
			};
			name = Release;
		};
		587FDCD726455AB90037E606 /* Debug */ = {
			isa = XCBuildConfiguration;
			buildSettings = {
				ASSETCATALOG_COMPILER_APPICON_NAME = AppIcon;
				ASSETCATALOG_COMPILER_GLOBAL_ACCENT_COLOR_NAME = AccentColor;
				CODE_SIGN_STYLE = Automatic;
				INFOPLIST_FILE = ToDo/Info.plist;
				LD_RUNPATH_SEARCH_PATHS = (
					"$(inherited)",
					"@executable_path/Frameworks",
				);
				PRODUCT_BUNDLE_IDENTIFIER = devstart.ToDo;
				PRODUCT_NAME = "$(TARGET_NAME)";
				SWIFT_VERSION = 5.0;
				TARGETED_DEVICE_FAMILY = "1,2";
			};
			name = Debug;
		};
		587FDCD826455AB90037E606 /* Release */ = {
			isa = XCBuildConfiguration;
			buildSettings = {
				ASSETCATALOG_COMPILER_APPICON_NAME = AppIcon;
				ASSETCATALOG_COMPILER_GLOBAL_ACCENT_COLOR_NAME = AccentColor;
				CODE_SIGN_STYLE = Automatic;
				INFOPLIST_FILE = ToDo/Info.plist;
				LD_RUNPATH_SEARCH_PATHS = (
					"$(inherited)",
					"@executable_path/Frameworks",
				);
				PRODUCT_BUNDLE_IDENTIFIER = devstart.ToDo;
				PRODUCT_NAME = "$(TARGET_NAME)";
				SWIFT_VERSION = 5.0;
				TARGETED_DEVICE_FAMILY = "1,2";
			};
			name = Release;
		};
		587FDCDA26455AB90037E606 /* Debug */ = {
			isa = XCBuildConfiguration;
			buildSettings = {
				ALWAYS_EMBED_SWIFT_STANDARD_LIBRARIES = YES;
				BUNDLE_LOADER = "$(TEST_HOST)";
				CODE_SIGN_STYLE = Automatic;
				INFOPLIST_FILE = ToDoTests/Info.plist;
				IPHONEOS_DEPLOYMENT_TARGET = 14.5;
				LD_RUNPATH_SEARCH_PATHS = (
					"$(inherited)",
					"@executable_path/Frameworks",
					"@loader_path/Frameworks",
				);
				PRODUCT_BUNDLE_IDENTIFIER = devstart.ToDoTests;
				PRODUCT_NAME = "$(TARGET_NAME)";
				SWIFT_VERSION = 5.0;
				TARGETED_DEVICE_FAMILY = "1,2";
				TEST_HOST = "$(BUILT_PRODUCTS_DIR)/ToDo.app/ToDo";
			};
			name = Debug;
		};
		587FDCDB26455AB90037E606 /* Release */ = {
			isa = XCBuildConfiguration;
			buildSettings = {
				ALWAYS_EMBED_SWIFT_STANDARD_LIBRARIES = YES;
				BUNDLE_LOADER = "$(TEST_HOST)";
				CODE_SIGN_STYLE = Automatic;
				INFOPLIST_FILE = ToDoTests/Info.plist;
				IPHONEOS_DEPLOYMENT_TARGET = 14.5;
				LD_RUNPATH_SEARCH_PATHS = (
					"$(inherited)",
					"@executable_path/Frameworks",
					"@loader_path/Frameworks",
				);
				PRODUCT_BUNDLE_IDENTIFIER = devstart.ToDoTests;
				PRODUCT_NAME = "$(TARGET_NAME)";
				SWIFT_VERSION = 5.0;
				TARGETED_DEVICE_FAMILY = "1,2";
				TEST_HOST = "$(BUILT_PRODUCTS_DIR)/ToDo.app/ToDo";
			};
			name = Release;
		};
		587FDCDD26455AB90037E606 /* Debug */ = {
			isa = XCBuildConfiguration;
			buildSettings = {
				ALWAYS_EMBED_SWIFT_STANDARD_LIBRARIES = YES;
				CODE_SIGN_STYLE = Automatic;
				INFOPLIST_FILE = ToDoUITests/Info.plist;
				LD_RUNPATH_SEARCH_PATHS = (
					"$(inherited)",
					"@executable_path/Frameworks",
					"@loader_path/Frameworks",
				);
				PRODUCT_BUNDLE_IDENTIFIER = devstart.ToDoUITests;
				PRODUCT_NAME = "$(TARGET_NAME)";
				SWIFT_VERSION = 5.0;
				TARGETED_DEVICE_FAMILY = "1,2";
				TEST_TARGET_NAME = ToDo;
			};
			name = Debug;
		};
		587FDCDE26455AB90037E606 /* Release */ = {
			isa = XCBuildConfiguration;
			buildSettings = {
				ALWAYS_EMBED_SWIFT_STANDARD_LIBRARIES = YES;
				CODE_SIGN_STYLE = Automatic;
				INFOPLIST_FILE = ToDoUITests/Info.plist;
				LD_RUNPATH_SEARCH_PATHS = (
					"$(inherited)",
					"@executable_path/Frameworks",
					"@loader_path/Frameworks",
				);
				PRODUCT_BUNDLE_IDENTIFIER = devstart.ToDoUITests;
				PRODUCT_NAME = "$(TARGET_NAME)";
				SWIFT_VERSION = 5.0;
				TARGETED_DEVICE_FAMILY = "1,2";
				TEST_TARGET_NAME = ToDo;
			};
			name = Release;
		};
/* End XCBuildConfiguration section */

/* Begin XCConfigurationList section */
		587FDCA726455AB70037E606 /* Build configuration list for PBXProject "ToDo" */ = {
			isa = XCConfigurationList;
			buildConfigurations = (
				587FDCD426455AB90037E606 /* Debug */,
				587FDCD526455AB90037E606 /* Release */,
			);
			defaultConfigurationIsVisible = 0;
			defaultConfigurationName = Release;
		};
		587FDCD626455AB90037E606 /* Build configuration list for PBXNativeTarget "ToDo" */ = {
			isa = XCConfigurationList;
			buildConfigurations = (
				587FDCD726455AB90037E606 /* Debug */,
				587FDCD826455AB90037E606 /* Release */,
			);
			defaultConfigurationIsVisible = 0;
			defaultConfigurationName = Release;
		};
		587FDCD926455AB90037E606 /* Build configuration list for PBXNativeTarget "ToDoTests" */ = {
			isa = XCConfigurationList;
			buildConfigurations = (
				587FDCDA26455AB90037E606 /* Debug */,
				587FDCDB26455AB90037E606 /* Release */,
			);
			defaultConfigurationIsVisible = 0;
			defaultConfigurationName = Release;
		};
		587FDCDC26455AB90037E606 /* Build configuration list for PBXNativeTarget "ToDoUITests" */ = {
			isa = XCConfigurationList;
			buildConfigurations = (
				587FDCDD26455AB90037E606 /* Debug */,
				587FDCDE26455AB90037E606 /* Release */,
			);
			defaultConfigurationIsVisible = 0;
			defaultConfigurationName = Release;
		};
/* End XCConfigurationList section */
	};
	rootObject = 587FDCA426455AB70037E606 /* Project object */;
}
